// !$*UTF8*$!
{
	archiveVersion = 1;
	classes = {
	};
	objectVersion = 77;
	objects = {

/* Begin PBXContainerItemProxy section */
		BD15ECDD2E31614C00F7A44E /* PBXContainerItemProxy */ = {
			isa = PBXContainerItemProxy;
			containerPortal = BD15ECC72E31614A00F7A44E /* Project object */;
			proxyType = 1;
			remoteGlobalIDString = BD15ECCE2E31614A00F7A44E;
			remoteInfo = interactiveUI;
		};
		BD15ECE72E31614C00F7A44E /* PBXContainerItemProxy */ = {
			isa = PBXContainerItemProxy;
			containerPortal = BD15ECC72E31614A00F7A44E /* Project object */;
			proxyType = 1;
			remoteGlobalIDString = BD15ECCE2E31614A00F7A44E;
			remoteInfo = interactiveUI;
		};
/* End PBXContainerItemProxy section */

/* Begin PBXFileReference section */
		BD15ECCF2E31614A00F7A44E /* interactiveUI.app */ = {isa = PBXFileReference; explicitFileType = wrapper.application; includeInIndex = 0; path = interactiveUI.app; sourceTree = BUILT_PRODUCTS_DIR; };
		BD15ECDC2E31614C00F7A44E /* interactiveUITests.xctest */ = {isa = PBXFileReference; explicitFileType = wrapper.cfbundle; includeInIndex = 0; path = interactiveUITests.xctest; sourceTree = BUILT_PRODUCTS_DIR; };
		BD15ECE62E31614C00F7A44E /* interactiveUIUITests.xctest */ = {isa = PBXFileReference; explicitFileType = wrapper.cfbundle; includeInIndex = 0; path = interactiveUIUITests.xctest; sourceTree = BUILT_PRODUCTS_DIR; };
/* End PBXFileReference section */

/* Begin PBXFileSystemSynchronizedRootGroup section */
		BD15ECD12E31614A00F7A44E /* interactiveUI */ = {
			isa = PBXFileSystemSynchronizedRootGroup;
			path = interactiveUI;
			sourceTree = "<group>";
		};
		BD15ECDF2E31614C00F7A44E /* interactiveUITests */ = {
			isa = PBXFileSystemSynchronizedRootGroup;
			path = interactiveUITests;
			sourceTree = "<group>";
		};
		BD15ECE92E31614C00F7A44E /* interactiveUIUITests */ = {
			isa = PBXFileSystemSynchronizedRootGroup;
			path = interactiveUIUITests;
			sourceTree = "<group>";
		};
/* End PBXFileSystemSynchronizedRootGroup section */

/* Begin PBXFrameworksBuildPhase section */
		BD15ECCC2E31614A00F7A44E /* Frameworks */ = {
			isa = PBXFrameworksBuildPhase;
			buildActionMask = 2147483647;
			files = (
			);
			runOnlyForDeploymentPostprocessing = 0;
		};
		BD15ECD92E31614C00F7A44E /* Frameworks */ = {
			isa = PBXFrameworksBuildPhase;
			buildActionMask = 2147483647;
			files = (
			);
			runOnlyForDeploymentPostprocessing = 0;
		};
		BD15ECE32E31614C00F7A44E /* Frameworks */ = {
			isa = PBXFrameworksBuildPhase;
			buildActionMask = 2147483647;
			files = (
			);
			runOnlyForDeploymentPostprocessing = 0;
		};
/* End PBXFrameworksBuildPhase section */

/* Begin PBXGroup section */
		BD15ECC62E31614A00F7A44E = {
			isa = PBXGroup;
			children = (
				BD15ECD12E31614A00F7A44E /* interactiveUI */,
				BD15ECDF2E31614C00F7A44E /* interactiveUITests */,
				BD15ECE92E31614C00F7A44E /* interactiveUIUITests */,
				BD15ECD02E31614A00F7A44E /* Products */,
			);
			sourceTree = "<group>";
		};
		BD15ECD02E31614A00F7A44E /* Products */ = {
			isa = PBXGroup;
			children = (
				BD15ECCF2E31614A00F7A44E /* interactiveUI.app */,
				BD15ECDC2E31614C00F7A44E /* interactiveUITests.xctest */,
				BD15ECE62E31614C00F7A44E /* interactiveUIUITests.xctest */,
			);
			name = Products;
			sourceTree = "<group>";
		};
/* End PBXGroup section */

/* Begin PBXNativeTarget section */
		BD15ECCE2E31614A00F7A44E /* interactiveUI */ = {
			isa = PBXNativeTarget;
			buildConfigurationList = BD15ECF02E31614C00F7A44E /* Build configuration list for PBXNativeTarget "interactiveUI" */;
			buildPhases = (
				BD15ECCB2E31614A00F7A44E /* Sources */,
				BD15ECCC2E31614A00F7A44E /* Frameworks */,
				BD15ECCD2E31614A00F7A44E /* Resources */,
			);
			buildRules = (
			);
			dependencies = (
			);
			fileSystemSynchronizedGroups = (
				BD15ECD12E31614A00F7A44E /* interactiveUI */,
			);
			name = interactiveUI;
			packageProductDependencies = (
			);
			productName = interactiveUI;
			productReference = BD15ECCF2E31614A00F7A44E /* interactiveUI.app */;
			productType = "com.apple.product-type.application";
		};
		BD15ECDB2E31614C00F7A44E /* interactiveUITests */ = {
			isa = PBXNativeTarget;
			buildConfigurationList = BD15ECF32E31614C00F7A44E /* Build configuration list for PBXNativeTarget "interactiveUITests" */;
			buildPhases = (
				BD15ECD82E31614C00F7A44E /* Sources */,
				BD15ECD92E31614C00F7A44E /* Frameworks */,
				BD15ECDA2E31614C00F7A44E /* Resources */,
			);
			buildRules = (
			);
			dependencies = (
				BD15ECDE2E31614C00F7A44E /* PBXTargetDependency */,
			);
			fileSystemSynchronizedGroups = (
				BD15ECDF2E31614C00F7A44E /* interactiveUITests */,
			);
			name = interactiveUITests;
			packageProductDependencies = (
			);
			productName = interactiveUITests;
			productReference = BD15ECDC2E31614C00F7A44E /* interactiveUITests.xctest */;
			productType = "com.apple.product-type.bundle.unit-test";
		};
		BD15ECE52E31614C00F7A44E /* interactiveUIUITests */ = {
			isa = PBXNativeTarget;
			buildConfigurationList = BD15ECF62E31614C00F7A44E /* Build configuration list for PBXNativeTarget "interactiveUIUITests" */;
			buildPhases = (
				BD15ECE22E31614C00F7A44E /* Sources */,
				BD15ECE32E31614C00F7A44E /* Frameworks */,
				BD15ECE42E31614C00F7A44E /* Resources */,
			);
			buildRules = (
			);
			dependencies = (
				BD15ECE82E31614C00F7A44E /* PBXTargetDependency */,
			);
			fileSystemSynchronizedGroups = (
				BD15ECE92E31614C00F7A44E /* interactiveUIUITests */,
			);
			name = interactiveUIUITests;
			packageProductDependencies = (
			);
			productName = interactiveUIUITests;
			productReference = BD15ECE62E31614C00F7A44E /* interactiveUIUITests.xctest */;
			productType = "com.apple.product-type.bundle.ui-testing";
		};
/* End PBXNativeTarget section */

/* Begin PBXProject section */
		BD15ECC72E31614A00F7A44E /* Project object */ = {
			isa = PBXProject;
			attributes = {
				BuildIndependentTargetsInParallel = 1;
				LastSwiftUpdateCheck = 1640;
				LastUpgradeCheck = 1640;
				TargetAttributes = {
					BD15ECCE2E31614A00F7A44E = {
						CreatedOnToolsVersion = 16.4;
					};
					BD15ECDB2E31614C00F7A44E = {
						CreatedOnToolsVersion = 16.4;
						TestTargetID = BD15ECCE2E31614A00F7A44E;
					};
					BD15ECE52E31614C00F7A44E = {
						CreatedOnToolsVersion = 16.4;
						TestTargetID = BD15ECCE2E31614A00F7A44E;
					};
				};
			};
			buildConfigurationList = BD15ECCA2E31614A00F7A44E /* Build configuration list for PBXProject "interactiveUI" */;
			developmentRegion = en;
			hasScannedForEncodings = 0;
			knownRegions = (
				en,
				Base,
			);
			mainGroup = BD15ECC62E31614A00F7A44E;
			minimizedProjectReferenceProxies = 1;
			preferredProjectObjectVersion = 77;
			productRefGroup = BD15ECD02E31614A00F7A44E /* Products */;
			projectDirPath = "";
			projectRoot = "";
			targets = (
				BD15ECCE2E31614A00F7A44E /* interactiveUI */,
				BD15ECDB2E31614C00F7A44E /* interactiveUITests */,
				BD15ECE52E31614C00F7A44E /* interactiveUIUITests */,
			);
		};
/* End PBXProject section */

/* Begin PBXResourcesBuildPhase section */
		BD15ECCD2E31614A00F7A44E /* Resources */ = {
			isa = PBXResourcesBuildPhase;
			buildActionMask = 2147483647;
			files = (
			);
			runOnlyForDeploymentPostprocessing = 0;
		};
		BD15ECDA2E31614C00F7A44E /* Resources */ = {
			isa = PBXResourcesBuildPhase;
			buildActionMask = 2147483647;
			files = (
			);
			runOnlyForDeploymentPostprocessing = 0;
		};
		BD15ECE42E31614C00F7A44E /* Resources */ = {
			isa = PBXResourcesBuildPhase;
			buildActionMask = 2147483647;
			files = (
			);
			runOnlyForDeploymentPostprocessing = 0;
		};
/* End PBXResourcesBuildPhase section */

/* Begin PBXSourcesBuildPhase section */
		BD15ECCB2E31614A00F7A44E /* Sources */ = {
			isa = PBXSourcesBuildPhase;
			buildActionMask = 2147483647;
			files = (
			);
			runOnlyForDeploymentPostprocessing = 0;
		};
		BD15ECD82E31614C00F7A44E /* Sources */ = {
			isa = PBXSourcesBuildPhase;
			buildActionMask = 2147483647;
			files = (
			);
			runOnlyForDeploymentPostprocessing = 0;
		};
		BD15ECE22E31614C00F7A44E /* Sources */ = {
			isa = PBXSourcesBuildPhase;
			buildActionMask = 2147483647;
			files = (
			);
			runOnlyForDeploymentPostprocessing = 0;
		};
/* End PBXSourcesBuildPhase section */

/* Begin PBXTargetDependency section */
		BD15ECDE2E31614C00F7A44E /* PBXTargetDependency */ = {
			isa = PBXTargetDependency;
			target = BD15ECCE2E31614A00F7A44E /* interactiveUI */;
			targetProxy = BD15ECDD2E31614C00F7A44E /* PBXContainerItemProxy */;
		};
		BD15ECE82E31614C00F7A44E /* PBXTargetDependency */ = {
			isa = PBXTargetDependency;
			target = BD15ECCE2E31614A00F7A44E /* interactiveUI */;
			targetProxy = BD15ECE72E31614C00F7A44E /* PBXContainerItemProxy */;
		};
/* End PBXTargetDependency section */

/* Begin XCBuildConfiguration section */
		BD15ECEE2E31614C00F7A44E /* Debug */ = {
			isa = XCBuildConfiguration;
			buildSettings = {
				ALWAYS_SEARCH_USER_PATHS = NO;
				ASSETCATALOG_COMPILER_GENERATE_SWIFT_ASSET_SYMBOL_EXTENSIONS = YES;
				CLANG_ANALYZER_NONNULL = YES;
				CLANG_ANALYZER_NUMBER_OBJECT_CONVERSION = YES_AGGRESSIVE;
				CLANG_CXX_LANGUAGE_STANDARD = "gnu++20";
				CLANG_ENABLE_MODULES = YES;
				CLANG_ENABLE_OBJC_ARC = YES;
				CLANG_ENABLE_OBJC_WEAK = YES;
				CLANG_WARN_BLOCK_CAPTURE_AUTORELEASING = YES;
				CLANG_WARN_BOOL_CONVERSION = YES;
				CLANG_WARN_COMMA = YES;
				CLANG_WARN_CONSTANT_CONVERSION = YES;
				CLANG_WARN_DEPRECATED_OBJC_IMPLEMENTATIONS = YES;
				CLANG_WARN_DIRECT_OBJC_ISA_USAGE = YES_ERROR;
				CLANG_WARN_DOCUMENTATION_COMMENTS = YES;
				CLANG_WARN_EMPTY_BODY = YES;
				CLANG_WARN_ENUM_CONVERSION = YES;
				CLANG_WARN_INFINITE_RECURSION = YES;
				CLANG_WARN_INT_CONVERSION = YES;
				CLANG_WARN_NON_LITERAL_NULL_CONVERSION = YES;
				CLANG_WARN_OBJC_IMPLICIT_RETAIN_SELF = YES;
				CLANG_WARN_OBJC_LITERAL_CONVERSION = YES;
				CLANG_WARN_OBJC_ROOT_CLASS = YES_ERROR;
				CLANG_WARN_QUOTED_INCLUDE_IN_FRAMEWORK_HEADER = YES;
				CLANG_WARN_RANGE_LOOP_ANALYSIS = YES;
				CLANG_WARN_STRICT_PROTOTYPES = YES;
				CLANG_WARN_SUSPICIOUS_MOVE = YES;
				CLANG_WARN_UNGUARDED_AVAILABILITY = YES_AGGRESSIVE;
				CLANG_WARN_UNREACHABLE_CODE = YES;
				CLANG_WARN__DUPLICATE_METHOD_MATCH = YES;
				COPY_PHASE_STRIP = NO;
				DEBUG_INFORMATION_FORMAT = dwarf;
				ENABLE_STRICT_OBJC_MSGSEND = YES;
				ENABLE_TESTABILITY = YES;
				ENABLE_USER_SCRIPT_SANDBOXING = YES;
				GCC_C_LANGUAGE_STANDARD = gnu17;
				GCC_DYNAMIC_NO_PIC = NO;
				GCC_NO_COMMON_BLOCKS = YES;
				GCC_OPTIMIZATION_LEVEL = 0;
				GCC_PREPROCESSOR_DEFINITIONS = (
					"DEBUG=1",
					"$(inherited)",
				);
				GCC_WARN_64_TO_32_BIT_CONVERSION = YES;
				GCC_WARN_ABOUT_RETURN_TYPE = YES_ERROR;
				GCC_WARN_UNDECLARED_SELECTOR = YES;
				GCC_WARN_UNINITIALIZED_AUTOS = YES_AGGRESSIVE;
				GCC_WARN_UNUSED_FUNCTION = YES;
				GCC_WARN_UNUSED_VARIABLE = YES;
				IPHONEOS_DEPLOYMENT_TARGET = 18.5;
				LOCALIZATION_PREFERS_STRING_CATALOGS = YES;
				MTL_ENABLE_DEBUG_INFO = INCLUDE_SOURCE;
				MTL_FAST_MATH = YES;
				ONLY_ACTIVE_ARCH = YES;
				SDKROOT = iphoneos;
				SWIFT_ACTIVE_COMPILATION_CONDITIONS = "DEBUG $(inherited)";
				SWIFT_OPTIMIZATION_LEVEL = "-Onone";
			};
			name = Debug;
		};
		BD15ECEF2E31614C00F7A44E /* Release */ = {
			isa = XCBuildConfiguration;
			buildSettings = {
				ALWAYS_SEARCH_USER_PATHS = NO;
				ASSETCATALOG_COMPILER_GENERATE_SWIFT_ASSET_SYMBOL_EXTENSIONS = YES;
				CLANG_ANALYZER_NONNULL = YES;
				CLANG_ANALYZER_NUMBER_OBJECT_CONVERSION = YES_AGGRESSIVE;
				CLANG_CXX_LANGUAGE_STANDARD = "gnu++20";
				CLANG_ENABLE_MODULES = YES;
				CLANG_ENABLE_OBJC_ARC = YES;
				CLANG_ENABLE_OBJC_WEAK = YES;
				CLANG_WARN_BLOCK_CAPTURE_AUTORELEASING = YES;
				CLANG_WARN_BOOL_CONVERSION = YES;
				CLANG_WARN_COMMA = YES;
				CLANG_WARN_CONSTANT_CONVERSION = YES;
				CLANG_WARN_DEPRECATED_OBJC_IMPLEMENTATIONS = YES;
				CLANG_WARN_DIRECT_OBJC_ISA_USAGE = YES_ERROR;
				CLANG_WARN_DOCUMENTATION_COMMENTS = YES;
				CLANG_WARN_EMPTY_BODY = YES;
				CLANG_WARN_ENUM_CONVERSION = YES;
				CLANG_WARN_INFINITE_RECURSION = YES;
				CLANG_WARN_INT_CONVERSION = YES;
				CLANG_WARN_NON_LITERAL_NULL_CONVERSION = YES;
				CLANG_WARN_OBJC_IMPLICIT_RETAIN_SELF = YES;
				CLANG_WARN_OBJC_LITERAL_CONVERSION = YES;
				CLANG_WARN_OBJC_ROOT_CLASS = YES_ERROR;
				CLANG_WARN_QUOTED_INCLUDE_IN_FRAMEWORK_HEADER = YES;
				CLANG_WARN_RANGE_LOOP_ANALYSIS = YES;
				CLANG_WARN_STRICT_PROTOTYPES = YES;
				CLANG_WARN_SUSPICIOUS_MOVE = YES;
				CLANG_WARN_UNGUARDED_AVAILABILITY = YES_AGGRESSIVE;
				CLANG_WARN_UNREACHABLE_CODE = YES;
				CLANG_WARN__DUPLICATE_METHOD_MATCH = YES;
				COPY_PHASE_STRIP = NO;
				DEBUG_INFORMATION_FORMAT = "dwarf-with-dsym";
				ENABLE_NS_ASSERTIONS = NO;
				ENABLE_STRICT_OBJC_MSGSEND = YES;
				ENABLE_USER_SCRIPT_SANDBOXING = YES;
				GCC_C_LANGUAGE_STANDARD = gnu17;
				GCC_NO_COMMON_BLOCKS = YES;
				GCC_WARN_64_TO_32_BIT_CONVERSION = YES;
				GCC_WARN_ABOUT_RETURN_TYPE = YES_ERROR;
				GCC_WARN_UNDECLARED_SELECTOR = YES;
				GCC_WARN_UNINITIALIZED_AUTOS = YES_AGGRESSIVE;
				GCC_WARN_UNUSED_FUNCTION = YES;
				GCC_WARN_UNUSED_VARIABLE = YES;
				IPHONEOS_DEPLOYMENT_TARGET = 18.5;
				LOCALIZATION_PREFERS_STRING_CATALOGS = YES;
				MTL_ENABLE_DEBUG_INFO = NO;
				MTL_FAST_MATH = YES;
				SDKROOT = iphoneos;
				SWIFT_COMPILATION_MODE = wholemodule;
				VALIDATE_PRODUCT = YES;
			};
			name = Release;
		};
		BD15ECF12E31614C00F7A44E /* Debug */ = {
			isa = XCBuildConfiguration;
			buildSettings = {
				ASSETCATALOG_COMPILER_APPICON_NAME = AppIcon;
				ASSETCATALOG_COMPILER_GLOBAL_ACCENT_COLOR_NAME = AccentColor;
				CODE_SIGN_STYLE = Automatic;
				CURRENT_PROJECT_VERSION = 1;
				ENABLE_PREVIEWS = YES;
				GENERATE_INFOPLIST_FILE = YES;
				INFOPLIST_KEY_UIApplicationSceneManifest_Generation = YES;
				INFOPLIST_KEY_UIApplicationSupportsIndirectInputEvents = YES;
				INFOPLIST_KEY_UILaunchScreen_Generation = YES;
				INFOPLIST_KEY_UISupportedInterfaceOrientations_iPad = "UIInterfaceOrientationPortrait UIInterfaceOrientationPortraitUpsideDown UIInterfaceOrientationLandscapeLeft UIInterfaceOrientationLandscapeRight";
				INFOPLIST_KEY_UISupportedInterfaceOrientations_iPhone = "UIInterfaceOrientationPortrait UIInterfaceOrientationLandscapeLeft UIInterfaceOrientationLandscapeRight";
				LD_RUNPATH_SEARCH_PATHS = (
					"$(inherited)",
					"@executable_path/Frameworks",
				);
				MARKETING_VERSION = 1.0;
				PRODUCT_BUNDLE_IDENTIFIER = "Kode-with-Klossy.interactiveUI";
				PRODUCT_NAME = "$(TARGET_NAME)";
				SWIFT_EMIT_LOC_STRINGS = YES;
				SWIFT_VERSION = 5.0;
				TARGETED_DEVICE_FAMILY = "1,2";
			};
			name = Debug;
		};
		BD15ECF22E31614C00F7A44E /* Release */ = {
			isa = XCBuildConfiguration;
			buildSettings = {
				ASSETCATALOG_COMPILER_APPICON_NAME = AppIcon;
				ASSETCATALOG_COMPILER_GLOBAL_ACCENT_COLOR_NAME = AccentColor;
				CODE_SIGN_STYLE = Automatic;
				CURRENT_PROJECT_VERSION = 1;
				ENABLE_PREVIEWS = YES;
				GENERATE_INFOPLIST_FILE = YES;
				INFOPLIST_KEY_UIApplicationSceneManifest_Generation = YES;
				INFOPLIST_KEY_UIApplicationSupportsIndirectInputEvents = YES;
				INFOPLIST_KEY_UILaunchScreen_Generation = YES;
				INFOPLIST_KEY_UISupportedInterfaceOrientations_iPad = "UIInterfaceOrientationPortrait UIInterfaceOrientationPortraitUpsideDown UIInterfaceOrientationLandscapeLeft UIInterfaceOrientationLandscapeRight";
				INFOPLIST_KEY_UISupportedInterfaceOrientations_iPhone = "UIInterfaceOrientationPortrait UIInterfaceOrientationLandscapeLeft UIInterfaceOrientationLandscapeRight";
				LD_RUNPATH_SEARCH_PATHS = (
					"$(inherited)",
					"@executable_path/Frameworks",
				);
				MARKETING_VERSION = 1.0;
				PRODUCT_BUNDLE_IDENTIFIER = "Kode-with-Klossy.interactiveUI";
				PRODUCT_NAME = "$(TARGET_NAME)";
				SWIFT_EMIT_LOC_STRINGS = YES;
				SWIFT_VERSION = 5.0;
				TARGETED_DEVICE_FAMILY = "1,2";
			};
			name = Release;
		};
		BD15ECF42E31614C00F7A44E /* Debug */ = {
			isa = XCBuildConfiguration;
			buildSettings = {
				BUNDLE_LOADER = "$(TEST_HOST)";
				CODE_SIGN_STYLE = Automatic;
				CURRENT_PROJECT_VERSION = 1;
				GENERATE_INFOPLIST_FILE = YES;
				IPHONEOS_DEPLOYMENT_TARGET = 18.5;
				MARKETING_VERSION = 1.0;
				PRODUCT_BUNDLE_IDENTIFIER = "Kode-with-Klossy.interactiveUITests";
				PRODUCT_NAME = "$(TARGET_NAME)";
				SWIFT_EMIT_LOC_STRINGS = NO;
				SWIFT_VERSION = 5.0;
				TARGETED_DEVICE_FAMILY = "1,2";
				TEST_HOST = "$(BUILT_PRODUCTS_DIR)/interactiveUI.app/$(BUNDLE_EXECUTABLE_FOLDER_PATH)/interactiveUI";
			};
			name = Debug;
		};
		BD15ECF52E31614C00F7A44E /* Release */ = {
			isa = XCBuildConfiguration;
			buildSettings = {
				BUNDLE_LOADER = "$(TEST_HOST)";
				CODE_SIGN_STYLE = Automatic;
				CURRENT_PROJECT_VERSION = 1;
				GENERATE_INFOPLIST_FILE = YES;
				IPHONEOS_DEPLOYMENT_TARGET = 18.5;
				MARKETING_VERSION = 1.0;
				PRODUCT_BUNDLE_IDENTIFIER = "Kode-with-Klossy.interactiveUITests";
				PRODUCT_NAME = "$(TARGET_NAME)";
				SWIFT_EMIT_LOC_STRINGS = NO;
				SWIFT_VERSION = 5.0;
				TARGETED_DEVICE_FAMILY = "1,2";
				TEST_HOST = "$(BUILT_PRODUCTS_DIR)/interactiveUI.app/$(BUNDLE_EXECUTABLE_FOLDER_PATH)/interactiveUI";
			};
			name = Release;
		};
		BD15ECF72E31614C00F7A44E /* Debug */ = {
			isa = XCBuildConfiguration;
			buildSettings = {
				CODE_SIGN_STYLE = Automatic;
				CURRENT_PROJECT_VERSION = 1;
				GENERATE_INFOPLIST_FILE = YES;
				MARKETING_VERSION = 1.0;
				PRODUCT_BUNDLE_IDENTIFIER = "Kode-with-Klossy.interactiveUIUITests";
				PRODUCT_NAME = "$(TARGET_NAME)";
				SWIFT_EMIT_LOC_STRINGS = NO;
				SWIFT_VERSION = 5.0;
				TARGETED_DEVICE_FAMILY = "1,2";
				TEST_TARGET_NAME = interactiveUI;
			};
			name = Debug;
		};
		BD15ECF82E31614C00F7A44E /* Release */ = {
			isa = XCBuildConfiguration;
			buildSettings = {
				CODE_SIGN_STYLE = Automatic;
				CURRENT_PROJECT_VERSION = 1;
				GENERATE_INFOPLIST_FILE = YES;
				MARKETING_VERSION = 1.0;
				PRODUCT_BUNDLE_IDENTIFIER = "Kode-with-Klossy.interactiveUIUITests";
				PRODUCT_NAME = "$(TARGET_NAME)";
				SWIFT_EMIT_LOC_STRINGS = NO;
				SWIFT_VERSION = 5.0;
				TARGETED_DEVICE_FAMILY = "1,2";
				TEST_TARGET_NAME = interactiveUI;
			};
			name = Release;
		};
/* End XCBuildConfiguration section */

/* Begin XCConfigurationList section */
		BD15ECCA2E31614A00F7A44E /* Build configuration list for PBXProject "interactiveUI" */ = {
			isa = XCConfigurationList;
			buildConfigurations = (
				BD15ECEE2E31614C00F7A44E /* Debug */,
				BD15ECEF2E31614C00F7A44E /* Release */,
			);
			defaultConfigurationIsVisible = 0;
			defaultConfigurationName = Release;
		};
		BD15ECF02E31614C00F7A44E /* Build configuration list for PBXNativeTarget "interactiveUI" */ = {
			isa = XCConfigurationList;
			buildConfigurations = (
				BD15ECF12E31614C00F7A44E /* Debug */,
				BD15ECF22E31614C00F7A44E /* Release */,
			);
			defaultConfigurationIsVisible = 0;
			defaultConfigurationName = Release;
		};
		BD15ECF32E31614C00F7A44E /* Build configuration list for PBXNativeTarget "interactiveUITests" */ = {
			isa = XCConfigurationList;
			buildConfigurations = (
				BD15ECF42E31614C00F7A44E /* Debug */,
				BD15ECF52E31614C00F7A44E /* Release */,
			);
			defaultConfigurationIsVisible = 0;
			defaultConfigurationName = Release;
		};
		BD15ECF62E31614C00F7A44E /* Build configuration list for PBXNativeTarget "interactiveUIUITests" */ = {
			isa = XCConfigurationList;
			buildConfigurations = (
				BD15ECF72E31614C00F7A44E /* Debug */,
				BD15ECF82E31614C00F7A44E /* Release */,
			);
			defaultConfigurationIsVisible = 0;
			defaultConfigurationName = Release;
		};
/* End XCConfigurationList section */
	};
	rootObject = BD15ECC72E31614A00F7A44E /* Project object */;
}
